
Microsoft Visual Studio Solution File, Format Version 12.00
# Visual Studio Version 17
VisualStudioVersion = 17.10.34928.147
MinimumVisualStudioVersion = 10.0.40219.1
Project("{FAE04EC0-301F-11D3-BF4B-00C04F79EFBC}") = "NfcRW", "NfcRW\NfcRW.csproj", "{83A6EED1-A577-4D2F-9D7C-740FE720BA00}"
EndProject
Global
	GlobalSection(SolutionConfigurationPlatforms) = preSolution
		Debug|Any CPU = Debug|Any CPU
		Release|Any CPU = Release|Any CPU
	EndGlobalSection
	GlobalSection(ProjectConfigurationPlatforms) = postSolution
		{83A6EED1-A577-4D2F-9D7C-740FE720BA00}.Debug|Any CPU.ActiveCfg = Debug|Any CPU
		{83A6EED1-A577-4D2F-9D7C-740FE720BA00}.Debug|Any CPU.Build.0 = Debug|Any CPU
		{83A6EED1-A577-4D2F-9D7C-740FE720BA00}.Release|Any CPU.ActiveCfg = Release|Any CPU
		{83A6EED1-A577-4D2F-9D7C-740FE720BA00}.Release|Any CPU.Build.0 = Release|Any CPU
	EndGlobalSection
	GlobalSection(SolutionProperties) = preSolution
		HideSolutionNode = FALSE
	EndGlobalSection
	GlobalSection(ExtensibilityGlobals) = postSolution
		SolutionGuid = {509B4D20-73D6-4179-8BC0-36EE185C8D1B}
	EndGlobalSection
EndGlobal
